
Microsoft Visual Studio Solution File, Format Version 12.00
# Visual Studio Version 17
VisualStudioVersion = 17.6.33829.357
MinimumVisualStudioVersion = 10.0.40219.1
Project("{FAE04EC0-301F-11D3-BF4B-00C04F79EFBC}") = "ConsoleApp1", "ConsoleApp1\ConsoleApp1.csproj", "{DE332410-3FDA-47CA-B434-C2C7F5B41CFA}"
EndProject
Global
	GlobalSection(SolutionConfigurationPlatforms) = preSolution
		Debug|Any CPU = Debug|Any CPU
		Release|Any CPU = Release|Any CPU
	EndGlobalSection
	GlobalSection(ProjectConfigurationPlatforms) = postSolution
		{DE332410-3FDA-47CA-B434-C2C7F5B41CFA}.Debug|Any CPU.ActiveCfg = Debug|Any CPU
		{DE332410-3FDA-47CA-B434-C2C7F5B41CFA}.Debug|Any CPU.Build.0 = Debug|Any CPU
		{DE332410-3FDA-47CA-B434-C2C7F5B41CFA}.Release|Any CPU.ActiveCfg = Release|Any CPU
		{DE332410-3FDA-47CA-B434-C2C7F5B41CFA}.Release|Any CPU.Build.0 = Release|Any CPU
	EndGlobalSection
	GlobalSection(SolutionProperties) = preSolution
		HideSolutionNode = FALSE
	EndGlobalSection
	GlobalSection(ExtensibilityGlobals) = postSolution
		SolutionGuid = {F64C0CCE-3B9E-4625-9218-E978901001CB}
	EndGlobalSection
EndGlobal
